
Microsoft Visual Studio Solution File, Format Version 12.00
# Visual Studio Version 16
VisualStudioVersion = 16.0.30320.27
MinimumVisualStudioVersion = 10.0.40219.1
Project("{9A19103F-16F7-4668-BE54-9A1E7A4F7556}") = "TweekBook", "TweekBook\TweekBook.csproj", "{1CE7050E-814E-4381-8FA0-D4AD867381FA}"
EndProject
Project("{9A19103F-16F7-4668-BE54-9A1E7A4F7556}") = "TweekBook.IntegrationTest", "TweekBook.IntegrationTest\TweekBook.IntegrationTest.csproj", "{32F39B3B-00DF-495A-935E-4AC1D82DC5B1}"
EndProject
Project("{E53339B2-1760-4266-BCC7-CA923CBCF16C}") = "docker-compose", "docker-compose.dcproj", "{552C75A5-9957-47A3-861F-40486CA90174}"
EndProject
Project("{FAE04EC0-301F-11D3-BF4B-00C04F79EFBC}") = "TweekBook.SDK", "TweekBook.SDK\TweekBook.SDK.csproj", "{1A72CBAB-9016-4A9A-97D6-E8EA87BDE773}"
EndProject
Project("{FAE04EC0-301F-11D3-BF4B-00C04F79EFBC}") = "TweekBook.SDK.Sample", "TweekBook.SDK.Sample\TweekBook.SDK.Sample.csproj", "{BB9C3CEB-3553-4519-8B25-38D5207EFBC4}"
EndProject
Project("{FAE04EC0-301F-11D3-BF4B-00C04F79EFBC}") = "TweekBook.Contracts", "TweekBook.Contracts\TweekBook.Contracts.csproj", "{56444054-214D-4DD7-B340-065F854FCF45}"
EndProject
Global
	GlobalSection(SolutionConfigurationPlatforms) = preSolution
		Debug|Any CPU = Debug|Any CPU
		Release|Any CPU = Release|Any CPU
	EndGlobalSection
	GlobalSection(ProjectConfigurationPlatforms) = postSolution
		{1CE7050E-814E-4381-8FA0-D4AD867381FA}.Debug|Any CPU.ActiveCfg = Debug|Any CPU
		{1CE7050E-814E-4381-8FA0-D4AD867381FA}.Debug|Any CPU.Build.0 = Debug|Any CPU
		{1CE7050E-814E-4381-8FA0-D4AD867381FA}.Release|Any CPU.ActiveCfg = Release|Any CPU
		{1CE7050E-814E-4381-8FA0-D4AD867381FA}.Release|Any CPU.Build.0 = Release|Any CPU
		{32F39B3B-00DF-495A-935E-4AC1D82DC5B1}.Debug|Any CPU.ActiveCfg = Debug|Any CPU
		{32F39B3B-00DF-495A-935E-4AC1D82DC5B1}.Debug|Any CPU.Build.0 = Debug|Any CPU
		{32F39B3B-00DF-495A-935E-4AC1D82DC5B1}.Release|Any CPU.ActiveCfg = Release|Any CPU
		{32F39B3B-00DF-495A-935E-4AC1D82DC5B1}.Release|Any CPU.Build.0 = Release|Any CPU
		{552C75A5-9957-47A3-861F-40486CA90174}.Debug|Any CPU.ActiveCfg = Debug|Any CPU
		{552C75A5-9957-47A3-861F-40486CA90174}.Debug|Any CPU.Build.0 = Debug|Any CPU
		{552C75A5-9957-47A3-861F-40486CA90174}.Release|Any CPU.ActiveCfg = Release|Any CPU
		{552C75A5-9957-47A3-861F-40486CA90174}.Release|Any CPU.Build.0 = Release|Any CPU
		{1A72CBAB-9016-4A9A-97D6-E8EA87BDE773}.Debug|Any CPU.ActiveCfg = Debug|Any CPU
		{1A72CBAB-9016-4A9A-97D6-E8EA87BDE773}.Debug|Any CPU.Build.0 = Debug|Any CPU
		{1A72CBAB-9016-4A9A-97D6-E8EA87BDE773}.Release|Any CPU.ActiveCfg = Release|Any CPU
		{1A72CBAB-9016-4A9A-97D6-E8EA87BDE773}.Release|Any CPU.Build.0 = Release|Any CPU
		{BB9C3CEB-3553-4519-8B25-38D5207EFBC4}.Debug|Any CPU.ActiveCfg = Debug|Any CPU
		{BB9C3CEB-3553-4519-8B25-38D5207EFBC4}.Debug|Any CPU.Build.0 = Debug|Any CPU
		{BB9C3CEB-3553-4519-8B25-38D5207EFBC4}.Release|Any CPU.ActiveCfg = Release|Any CPU
		{BB9C3CEB-3553-4519-8B25-38D5207EFBC4}.Release|Any CPU.Build.0 = Release|Any CPU
		{56444054-214D-4DD7-B340-065F854FCF45}.Debug|Any CPU.ActiveCfg = Debug|Any CPU
		{56444054-214D-4DD7-B340-065F854FCF45}.Debug|Any CPU.Build.0 = Debug|Any CPU
		{56444054-214D-4DD7-B340-065F854FCF45}.Release|Any CPU.ActiveCfg = Release|Any CPU
		{56444054-214D-4DD7-B340-065F854FCF45}.Release|Any CPU.Build.0 = Release|Any CPU
	EndGlobalSection
	GlobalSection(SolutionProperties) = preSolution
		HideSolutionNode = FALSE
	EndGlobalSection
	GlobalSection(ExtensibilityGlobals) = postSolution
		SolutionGuid = {C65433C1-6FE5-4A14-B110-D197ABF9044D}
	EndGlobalSection
EndGlobal
